
Microsoft Visual Studio Solution File, Format Version 12.00
# Visual Studio 15
VisualStudioVersion = 15.0.27428.1
MinimumVisualStudioVersion = 10.0.40219.1
Project("{FAE04EC0-301F-11D3-BF4B-00C04F79EFBC}") = "Buoi3", "Buoi3\Buoi3.csproj", "{A68B0948-0CD2-410F-9796-256B11D7511C}"
EndProject
Project("{FAE04EC0-301F-11D3-BF4B-00C04F79EFBC}") = "Client", "Client\Client.csproj", "{BCCD7592-84C9-432A-B2AC-7A2B4739CE4D}"
EndProject
Global
	GlobalSection(SolutionConfigurationPlatforms) = preSolution
		Debug|Any CPU = Debug|Any CPU
		Release|Any CPU = Release|Any CPU
	EndGlobalSection
	GlobalSection(ProjectConfigurationPlatforms) = postSolution
		{A68B0948-0CD2-410F-9796-256B11D7511C}.Debug|Any CPU.ActiveCfg = Debug|Any CPU
		{A68B0948-0CD2-410F-9796-256B11D7511C}.Debug|Any CPU.Build.0 = Debug|Any CPU
		{A68B0948-0CD2-410F-9796-256B11D7511C}.Release|Any CPU.ActiveCfg = Release|Any CPU
		{A68B0948-0CD2-410F-9796-256B11D7511C}.Release|Any CPU.Build.0 = Release|Any CPU
		{BCCD7592-84C9-432A-B2AC-7A2B4739CE4D}.Debug|Any CPU.ActiveCfg = Debug|Any CPU
		{BCCD7592-84C9-432A-B2AC-7A2B4739CE4D}.Debug|Any CPU.Build.0 = Debug|Any CPU
		{BCCD7592-84C9-432A-B2AC-7A2B4739CE4D}.Release|Any CPU.ActiveCfg = Release|Any CPU
		{BCCD7592-84C9-432A-B2AC-7A2B4739CE4D}.Release|Any CPU.Build.0 = Release|Any CPU
	EndGlobalSection
	GlobalSection(SolutionProperties) = preSolution
		HideSolutionNode = FALSE
	EndGlobalSection
	GlobalSection(ExtensibilityGlobals) = postSolution
		SolutionGuid = {3A42DB6E-A03A-455B-9818-841B590D756E}
	EndGlobalSection
EndGlobal
